
Microsoft Visual Studio Solution File, Format Version 12.00
# Visual Studio Version 16
VisualStudioVersion = 16.0.33214.272
MinimumVisualStudioVersion = 10.0.40219.1
Project("{FAE04EC0-301F-11D3-BF4B-00C04F79EFBC}") = "Algorytymyszyfr", "Algorytymyszyfr\Algorytymyszyfr.csproj", "{1ED043DD-6FD4-4E17-B57C-2A24A0D00A4E}"
EndProject
Project("{FAE04EC0-301F-11D3-BF4B-00C04F79EFBC}") = "IEncryptorTests", "IEncryptorTests\IEncryptorTests.csproj", "{B3A3BE51-59DD-45AF-AA4B-8AFD958E3E44}"
EndProject
Global
	GlobalSection(SolutionConfigurationPlatforms) = preSolution
		Debug|Any CPU = Debug|Any CPU
		Release|Any CPU = Release|Any CPU
	EndGlobalSection
	GlobalSection(ProjectConfigurationPlatforms) = postSolution
		{1ED043DD-6FD4-4E17-B57C-2A24A0D00A4E}.Debug|Any CPU.ActiveCfg = Debug|Any CPU
		{1ED043DD-6FD4-4E17-B57C-2A24A0D00A4E}.Debug|Any CPU.Build.0 = Debug|Any CPU
		{1ED043DD-6FD4-4E17-B57C-2A24A0D00A4E}.Release|Any CPU.ActiveCfg = Release|Any CPU
		{1ED043DD-6FD4-4E17-B57C-2A24A0D00A4E}.Release|Any CPU.Build.0 = Release|Any CPU
		{B3A3BE51-59DD-45AF-AA4B-8AFD958E3E44}.Debug|Any CPU.ActiveCfg = Debug|Any CPU
		{B3A3BE51-59DD-45AF-AA4B-8AFD958E3E44}.Debug|Any CPU.Build.0 = Debug|Any CPU
		{B3A3BE51-59DD-45AF-AA4B-8AFD958E3E44}.Release|Any CPU.ActiveCfg = Release|Any CPU
		{B3A3BE51-59DD-45AF-AA4B-8AFD958E3E44}.Release|Any CPU.Build.0 = Release|Any CPU
	EndGlobalSection
	GlobalSection(SolutionProperties) = preSolution
		HideSolutionNode = FALSE
	EndGlobalSection
	GlobalSection(ExtensibilityGlobals) = postSolution
		SolutionGuid = {DECDA8BC-BF01-4951-BB2C-243CB674EADA}
	EndGlobalSection
EndGlobal
