
Microsoft Visual Studio Solution File, Format Version 12.00
# Visual Studio Version 16
VisualStudioVersion = 16.0.33214.272
MinimumVisualStudioVersion = 10.0.40219.1
Project("{FAE04EC0-301F-11D3-BF4B-00C04F79EFBC}") = "EdycjaTekstu", "EdycjaTekstu\EdycjaTekstu.csproj", "{6A759387-75F1-4F06-8546-CF0E4F82CE72}"
EndProject
Global
	GlobalSection(SolutionConfigurationPlatforms) = preSolution
		Debug|Any CPU = Debug|Any CPU
		Release|Any CPU = Release|Any CPU
	EndGlobalSection
	GlobalSection(ProjectConfigurationPlatforms) = postSolution
		{6A759387-75F1-4F06-8546-CF0E4F82CE72}.Debug|Any CPU.ActiveCfg = Debug|Any CPU
		{6A759387-75F1-4F06-8546-CF0E4F82CE72}.Debug|Any CPU.Build.0 = Debug|Any CPU
		{6A759387-75F1-4F06-8546-CF0E4F82CE72}.Release|Any CPU.ActiveCfg = Release|Any CPU
		{6A759387-75F1-4F06-8546-CF0E4F82CE72}.Release|Any CPU.Build.0 = Release|Any CPU
	EndGlobalSection
	GlobalSection(SolutionProperties) = preSolution
		HideSolutionNode = FALSE
	EndGlobalSection
	GlobalSection(ExtensibilityGlobals) = postSolution
		SolutionGuid = {1BA478A3-CB98-43FD-8AE0-DEDE7C035A24}
	EndGlobalSection
EndGlobal
